{
  "name": "@leanup/stack-vite",
  "version": "1.1.64",
  "lockfileVersion": 1,
  "requires": true,
  "dependencies": {
    "esbuild": {
      "version": "0.14.35",
      "resolved": "https://registry.npmjs.org/esbuild/-/esbuild-0.14.35.tgz",
      "integrity": "sha512-0aeHPwXVVUUo9qOWnu/zILmTexFYE+RJ3o4owjbEUIJuBhLUgL4wBuS94++4+t7sykSABsNyyMZEAZ2r+1qZ4A==",
      "requires": {
        "esbuild-android-64": "0.14.35",
        "esbuild-android-arm64": "0.14.35",
        "esbuild-darwin-64": "0.14.35",
        "esbuild-darwin-arm64": "0.14.35",
        "esbuild-freebsd-64": "0.14.35",
        "esbuild-freebsd-arm64": "0.14.35",
        "esbuild-linux-32": "0.14.35",
        "esbuild-linux-64": "0.14.35",
        "esbuild-linux-arm": "0.14.35",
        "esbuild-linux-arm64": "0.14.35",
        "esbuild-linux-mips64le": "0.14.35",
        "esbuild-linux-ppc64le": "0.14.35",
        "esbuild-linux-riscv64": "0.14.35",
        "esbuild-linux-s390x": "0.14.35",
        "esbuild-netbsd-64": "0.14.35",
        "esbuild-openbsd-64": "0.14.35",
        "esbuild-sunos-64": "0.14.35",
        "esbuild-windows-32": "0.14.35",
        "esbuild-windows-64": "0.14.35",
        "esbuild-windows-arm64": "0.14.35"
      }
    },
    "esbuild-android-64": {
      "version": "0.14.35",
      "resolved": "https://registry.npmjs.org/esbuild-android-64/-/esbuild-android-64-0.14.35.tgz",
      "integrity": "sha512-R11Eu5NDc5YpbmpXSczxnwrqIsaslE08I+gf/QUVxiuPid5DLQHRWKnkPiSXUgQGPZVjn4aASsAdq8L4uhcyXQ==",
      "optional": true
    },
    "esbuild-android-arm64": {
      "version": "0.14.35",
      "resolved": "https://registry.npmjs.org/esbuild-android-arm64/-/esbuild-android-arm64-0.14.35.tgz",
      "integrity": "sha512-fOjTdzEvZer2+5xNWP2bUmpWccuHQBm/aPoTqoiLiS3VErvxOpbY2808UUEHHxRJucRxMUxHi+apKUpdj8NBjA==",
      "optional": true
    },
    "esbuild-darwin-64": {
      "version": "0.14.35",
      "resolved": "https://registry.npmjs.org/esbuild-darwin-64/-/esbuild-darwin-64-0.14.35.tgz",
      "integrity": "sha512-cN7ejc3Q0+5hFYXSLKd7GfnrY3hEjx/QxYUiU5f8KEJpH1CJsQEl69ALS5WYYrPrlgKHGKusRVKOkK1x20fe6g==",
      "optional": true
    },
    "esbuild-darwin-arm64": {
      "version": "0.14.35",
      "resolved": "https://registry.npmjs.org/esbuild-darwin-arm64/-/esbuild-darwin-arm64-0.14.35.tgz",
      "integrity": "sha512-x4AK8UY14p2AYQNXQ5hd0HNnmcmBjd6bpFkmPmtrm8Khh/HT96JfVa06bYFute25aUOTHgWv5kU/k+JrqDTO2A==",
      "optional": true
    },
    "esbuild-freebsd-64": {
      "version": "0.14.35",
      "resolved": "https://registry.npmjs.org/esbuild-freebsd-64/-/esbuild-freebsd-64-0.14.35.tgz",
      "integrity": "sha512-S83TQ+LgeQt9n9sc7LVELBlpRzaSWGaMvPHtE/91AxEKBuqx47RhuII60LVUzwfOMXHbgroOuSMqA1D2C+vuxQ==",
      "optional": true
    },
    "esbuild-freebsd-arm64": {
      "version": "0.14.35",
      "resolved": "https://registry.npmjs.org/esbuild-freebsd-arm64/-/esbuild-freebsd-arm64-0.14.35.tgz",
      "integrity": "sha512-D7NDa9ZquQkgz6nwH/HJ1E9wvcb4EEWw7L+uY7jGG4N7Z2Y/wWxQ5dH207gp0TsRCXuE9cYN5HfnHwgav7zAdw==",
      "optional": true
    },
    "esbuild-linux-32": {
      "version": "0.14.35",
      "resolved": "https://registry.npmjs.org/esbuild-linux-32/-/esbuild-linux-32-0.14.35.tgz",
      "integrity": "sha512-0/bt6wQzZmBYv+NY9r7OHxPzs5H4ktz0UK/x7iUs5pAEnj+NkdR/uCzhYVFgNRIO/b22O5P0Vs9LIcj0Z5Uc9A==",
      "optional": true
    },
    "esbuild-linux-64": {
      "version": "0.14.35",
      "resolved": "https://registry.npmjs.org/esbuild-linux-64/-/esbuild-linux-64-0.14.35.tgz",
      "integrity": "sha512-50FLXlOdEfyc9NFR9lavX3W75zJNi5FTEU25EZY87MQlHlUqmoSfd/0BaO2xefcZK9XV7lTPZ+b8Wj/jFRMB2A==",
      "optional": true
    },
    "esbuild-linux-arm": {
      "version": "0.14.35",
      "resolved": "https://registry.npmjs.org/esbuild-linux-arm/-/esbuild-linux-arm-0.14.35.tgz",
      "integrity": "sha512-VIH+bxbk7NM0ZSAeFHOdFWsdVIw2RnrZEG340yFlf7PI9DLUkn0m5+Q8mgZiIZW29VBtpCQ7aiieFo+ZykhoUA==",
      "optional": true
    },
    "esbuild-linux-arm64": {
      "version": "0.14.35",
      "resolved": "https://registry.npmjs.org/esbuild-linux-arm64/-/esbuild-linux-arm64-0.14.35.tgz",
      "integrity": "sha512-Kknr+jl0dNVTyuUTczfaXlsmuGKPBZsNNDuUnLMEDi6Y6bi8ccC4QE4nwUDtkGyB1elr6BQYvb78wYhtfPVLew==",
      "optional": true
    },
    "esbuild-linux-mips64le": {
      "version": "0.14.35",
      "resolved": "https://registry.npmjs.org/esbuild-linux-mips64le/-/esbuild-linux-mips64le-0.14.35.tgz",
      "integrity": "sha512-urTrLRUAbH3e91vu3/20Sc+qCvokgB4gepHk41AkS/nnM1PBSdRl8SKP3TkRXaJjb4LRGu6I2JAxLOmQWGzo/g==",
      "optional": true
    },
    "esbuild-linux-ppc64le": {
      "version": "0.14.35",
      "resolved": "https://registry.npmjs.org/esbuild-linux-ppc64le/-/esbuild-linux-ppc64le-0.14.35.tgz",
      "integrity": "sha512-B98j5OMZQHTw/MnjOQgxYDt+sJfLmvHSI6GhCcf55l11voyyR66SYTBFiz4RvEB1F8V6TQTpHwFhBWo/p5Fq8w==",
      "optional": true
    },
    "esbuild-linux-riscv64": {
      "version": "0.14.35",
      "resolved": "https://registry.npmjs.org/esbuild-linux-riscv64/-/esbuild-linux-riscv64-0.14.35.tgz",
      "integrity": "sha512-SP41XnWjMOK0WcaXKzfcGr0jA5vMoXu36Oe/SeHrdRrffuHr5/5IboLqCKCQeGAjoGRPSgSLTKB7T8ENXQpgCg==",
      "optional": true
    },
    "esbuild-linux-s390x": {
      "version": "0.14.35",
      "resolved": "https://registry.npmjs.org/esbuild-linux-s390x/-/esbuild-linux-s390x-0.14.35.tgz",
      "integrity": "sha512-H0K7+0i0crGrXul8q0RlOdatputTj299JGSvyhXXSMNCTqNd5hd8JOONS2Fbbgrv2Hu9bwkP57g8X94V8GeyMA==",
      "optional": true
    },
    "esbuild-netbsd-64": {
      "version": "0.14.35",
      "resolved": "https://registry.npmjs.org/esbuild-netbsd-64/-/esbuild-netbsd-64-0.14.35.tgz",
      "integrity": "sha512-Z+DdBPbSWlOgFdXDhpyqDBTy5NKtTjSFwXfjs95BROJYXFu+ciF85bT10Olg3/EywvDDdpfSeGh+ExeOQ3fugA==",
      "optional": true
    },
    "esbuild-openbsd-64": {
      "version": "0.14.35",
      "resolved": "https://registry.npmjs.org/esbuild-openbsd-64/-/esbuild-openbsd-64-0.14.35.tgz",
      "integrity": "sha512-uNWRf9p69irg4X2yZ5M5GrPi7+F54+DsmYKBXGTIImtyanSAy0nEH6ejmHD2/uypPrlKFf+U746bMwZFIxy5zw==",
      "optional": true
    },
    "esbuild-sunos-64": {
      "version": "0.14.35",
      "resolved": "https://registry.npmjs.org/esbuild-sunos-64/-/esbuild-sunos-64-0.14.35.tgz",
      "integrity": "sha512-WwAS084DuK2AHe+9z0DGbLbv3Cf9H4H7YsBhS7sBIIZ9iY2r0Oikrw11p1VSPDXjgtB/6AYIckJDCRAFEX07rQ==",
      "optional": true
    },
    "esbuild-windows-32": {
      "version": "0.14.35",
      "resolved": "https://registry.npmjs.org/esbuild-windows-32/-/esbuild-windows-32-0.14.35.tgz",
      "integrity": "sha512-XQgY0pLopKMuRvNsMlc4RuN8wKku4w/LGGhonYEOxibVx/aNMl6vS0P0xbZoUpej4EP8Gras0JihAxigvPqaiA==",
      "optional": true
    },
    "esbuild-windows-64": {
      "version": "0.14.35",
      "resolved": "https://registry.npmjs.org/esbuild-windows-64/-/esbuild-windows-64-0.14.35.tgz",
      "integrity": "sha512-7PaFQb5QDNWQGNmbXBNHewuXq5iDtgTjT3ILif3oGeMd9IVD2hvQ6Twc3s3NDqj5NJFZL1ZK+l9WZ8BZidv7Vw==",
      "optional": true
    },
    "esbuild-windows-arm64": {
      "version": "0.14.35",
      "resolved": "https://registry.npmjs.org/esbuild-windows-arm64/-/esbuild-windows-arm64-0.14.35.tgz",
      "integrity": "sha512-TxVKDkjlRxoCJQpCYS7FbHA249WdCfWKhLhNYk6PtT0CQmD7Ogp51MG7Plx57/jtxE9/aZVOcAf3igGKyGijHw==",
      "optional": true
    },
    "fsevents": {
      "version": "2.3.2",
      "resolved": "https://registry.npmjs.org/fsevents/-/fsevents-2.3.2.tgz",
      "integrity": "sha512-xiqMQR4xAeHTuB9uWm+fFRcIOgKBMiOBP+eXiyT7jsgVCq1bkVygt00oASowB7EdtpOHaaPgKt812P9ab+DDKA==",
      "optional": true
    },
    "function-bind": {
      "version": "1.1.1",
      "resolved": "https://registry.npmjs.org/function-bind/-/function-bind-1.1.1.tgz",
      "integrity": "sha512-yIovAzMX49sF8Yl58fSCWJ5svSLuaibPxXQJFLmBObTuCr0Mf1KiPopGM9NiFjiYBCbfaa2Fh6breQ6ANVTI0A=="
    },
    "has": {
      "version": "1.0.3",
      "resolved": "https://registry.npmjs.org/has/-/has-1.0.3.tgz",
      "integrity": "sha512-f2dvO0VU6Oej7RkWJGrehjbzMAjFp5/VKPp5tTpWIV4JHHZK1/BxbFRtf/siA2SWTe09caDmVtYYzWEIbBS4zw==",
      "requires": {
        "function-bind": "^1.1.1"
      }
    },
    "is-core-module": {
      "version": "2.8.1",
      "resolved": "https://registry.npmjs.org/is-core-module/-/is-core-module-2.8.1.tgz",
      "integrity": "sha512-SdNCUs284hr40hFTFP6l0IfZ/RSrMXF3qgoRHd3/79unUTvrFO/JoXwkGm+5J/Oe3E/b5GsnG330uUNgRpu1PA==",
      "requires": {
        "has": "^1.0.3"
      }
    },
    "nanoid": {
      "version": "3.3.2",
      "resolved": "https://registry.npmjs.org/nanoid/-/nanoid-3.3.2.tgz",
      "integrity": "sha512-CuHBogktKwpm5g2sRgv83jEy2ijFzBwMoYA60orPDR7ynsLijJDqgsi4RDGj3OJpy3Ieb+LYwiRmIOGyytgITA=="
    },
    "path-parse": {
      "version": "1.0.7",
      "resolved": "https://registry.npmjs.org/path-parse/-/path-parse-1.0.7.tgz",
      "integrity": "sha512-LDJzPVEEEPR+y48z93A0Ed0yXb8pAByGWo/k5YYdYgpY2/2EsOsksJrq7lOHxryrVOn1ejG6oAp8ahvOIQD8sw=="
    },
    "picocolors": {
      "version": "1.0.0",
      "resolved": "https://registry.npmjs.org/picocolors/-/picocolors-1.0.0.tgz",
      "integrity": "sha512-1fygroTLlHu66zi26VoTDv8yRgm0Fccecssto+MhsZ0D/DGW2sm8E8AjW7NU5VVTRt5GxbeZ5qBuJr+HyLYkjQ=="
    },
    "postcss": {
      "version": "8.4.12",
      "resolved": "https://registry.npmjs.org/postcss/-/postcss-8.4.12.tgz",
      "integrity": "sha512-lg6eITwYe9v6Hr5CncVbK70SoioNQIq81nsaG86ev5hAidQvmOeETBqs7jm43K2F5/Ley3ytDtriImV6TpNiSg==",
      "requires": {
        "nanoid": "^3.3.1",
        "picocolors": "^1.0.0",
        "source-map-js": "^1.0.2"
      }
    },
    "resolve": {
      "version": "1.22.0",
      "resolved": "https://registry.npmjs.org/resolve/-/resolve-1.22.0.tgz",
      "integrity": "sha512-Hhtrw0nLeSrFQ7phPp4OOcVjLPIeMnRlr5mcnVuMe7M/7eBn98A3hmFRLoFo3DLZkivSYwhRUJTyPyWAk56WLw==",
      "requires": {
        "is-core-module": "^2.8.1",
        "path-parse": "^1.0.7",
        "supports-preserve-symlinks-flag": "^1.0.0"
      }
    },
    "rollup": {
      "version": "2.70.1",
      "resolved": "https://registry.npmjs.org/rollup/-/rollup-2.70.1.tgz",
      "integrity": "sha512-CRYsI5EuzLbXdxC6RnYhOuRdtz4bhejPMSWjsFLfVM/7w/85n2szZv6yExqUXsBdz5KT8eoubeyDUDjhLHEslA==",
      "requires": {
        "fsevents": "~2.3.2"
      }
    },
    "source-map-js": {
      "version": "1.0.2",
      "resolved": "https://registry.npmjs.org/source-map-js/-/source-map-js-1.0.2.tgz",
      "integrity": "sha512-R0XvVJ9WusLiqTCEiGCmICCMplcCkIwwR11mOSD9CR5u+IXYdiseeEuXCVAjS54zqwkLcPNnmU4OeJ6tUrWhDw=="
    },
    "supports-preserve-symlinks-flag": {
      "version": "1.0.0",
      "resolved": "https://registry.npmjs.org/supports-preserve-symlinks-flag/-/supports-preserve-symlinks-flag-1.0.0.tgz",
      "integrity": "sha512-ot0WnXS9fgdkgIcePe6RHNk1WA8+muPa6cSjeR3V8K27q9BB1rTE3R1p7Hv0z1ZyAc8s6Vvv8DIyWf681MAt0w=="
    },
    "vite": {
      "version": "2.9.1",
      "resolved": "https://registry.npmjs.org/vite/-/vite-2.9.1.tgz",
      "integrity": "sha512-vSlsSdOYGcYEJfkQ/NeLXgnRv5zZfpAsdztkIrs7AZHV8RCMZQkwjo4DS5BnrYTqoWqLoUe1Cah4aVO4oNNqCQ==",
      "requires": {
        "esbuild": "^0.14.27",
        "fsevents": "~2.3.2",
        "postcss": "^8.4.12",
        "resolve": "^1.22.0",
        "rollup": "^2.59.0"
      }
    }
  }
}
