{
  "name": "@template/preact",
  "version": "1.0.0-rc.511",
  "lockfileVersion": 1,
  "requires": true,
  "dependencies": {
    "navigo": {
      "version": "7.1.2",
      "resolved": "https://registry.npmjs.org/navigo/-/navigo-7.1.2.tgz",
      "integrity": "sha512-OlhxHxhLM62X0Sjbkp5wlm1V6GpOIKShFu7dS/fDS3cVqzMHYS880LT5tu6JjGkrSYQbtCNDADmRIP47MoVGlA=="
    },
    "preact": {
      "version": "10.4.8",
      "resolved": "https://registry.npmjs.org/preact/-/preact-10.4.8.tgz",
      "integrity": "sha512-uVLeEAyRsCkUEFhVHlOu17OxcrwC7+hTGZ08kBoLBiGHiZooUZuibQnphgMKftw/rqYntNMyhVCPqQhcyAGHag=="
    },
    "register-service-worker": {
      "version": "1.7.1",
      "resolved": "https://registry.npmjs.org/register-service-worker/-/register-service-worker-1.7.1.tgz",
      "integrity": "sha512-IdTfUZ4u8iJL8o1w8es8l6UMGPmkwHolUdT+UmM1UypC80IB4KbpuIlvwWVj8UDS7eJwkEYRcKRgfRX+oTmJsw=="
    }
  }
}
