{
  "name": "@leanup/cli-react",
  "version": "1.0.62",
  "lockfileVersion": 1,
  "requires": true,
  "dependencies": {
    "@babel/helper-annotate-as-pure": {
      "version": "7.12.10",
      "resolved": "https://registry.npmjs.org/@babel/helper-annotate-as-pure/-/helper-annotate-as-pure-7.12.10.tgz",
      "integrity": "sha512-XplmVbC1n+KY6jL8/fgLVXXUauDIB+lD5+GsQEh6F6GBF1dq1qy4DP4yXWzDKcoqXB3X58t61e85Fitoww4JVQ==",
      "requires": {
        "@babel/types": "^7.12.10"
      }
    },
    "@babel/helper-builder-react-jsx": {
      "version": "7.10.4",
      "resolved": "https://registry.npmjs.org/@babel/helper-builder-react-jsx/-/helper-builder-react-jsx-7.10.4.tgz",
      "integrity": "sha512-5nPcIZ7+KKDxT1427oBivl9V9YTal7qk0diccnh7RrcgrT/pGFOjgGw1dgryyx1GvHEpXVfoDF6Ak3rTiWh8Rg==",
      "requires": {
        "@babel/helper-annotate-as-pure": "^7.10.4",
        "@babel/types": "^7.10.4"
      }
    },
    "@babel/helper-builder-react-jsx-experimental": {
      "version": "7.12.10",
      "resolved": "https://registry.npmjs.org/@babel/helper-builder-react-jsx-experimental/-/helper-builder-react-jsx-experimental-7.12.10.tgz",
      "integrity": "sha512-3Kcr2LGpL7CTRDTTYm1bzeor9qZbxbvU2AxsLA6mUG9gYarSfIKMK0UlU+azLWI+s0+BH768bwyaziWB2NOJlQ==",
      "requires": {
        "@babel/helper-annotate-as-pure": "^7.12.10",
        "@babel/helper-module-imports": "^7.12.5",
        "@babel/types": "^7.12.10"
      }
    },
    "@babel/helper-module-imports": {
      "version": "7.12.5",
      "resolved": "https://registry.npmjs.org/@babel/helper-module-imports/-/helper-module-imports-7.12.5.tgz",
      "integrity": "sha512-SR713Ogqg6++uexFRORf/+nPXMmWIn80TALu0uaFb+iQIUoR7bOC7zBWyzBs5b3tBBJXuyD0cRu1F15GyzjOWA==",
      "requires": {
        "@babel/types": "^7.12.5"
      }
    },
    "@babel/helper-plugin-utils": {
      "version": "7.10.4",
      "resolved": "https://registry.npmjs.org/@babel/helper-plugin-utils/-/helper-plugin-utils-7.10.4.tgz",
      "integrity": "sha512-O4KCvQA6lLiMU9l2eawBPMf1xPP8xPfB3iEQw150hOVTqj/rfXz0ThTb4HEzqQfs2Bmo5Ay8BzxfzVtBrr9dVg=="
    },
    "@babel/helper-validator-identifier": {
      "version": "7.10.4",
      "resolved": "https://registry.npmjs.org/@babel/helper-validator-identifier/-/helper-validator-identifier-7.10.4.tgz",
      "integrity": "sha512-3U9y+43hz7ZM+rzG24Qe2mufW5KhvFg/NhnNph+i9mgCtdTCtMJuI1TMkrIUiK7Ix4PYlRF9I5dhqaLYA/ADXw=="
    },
    "@babel/plugin-syntax-jsx": {
      "version": "7.12.1",
      "resolved": "https://registry.npmjs.org/@babel/plugin-syntax-jsx/-/plugin-syntax-jsx-7.12.1.tgz",
      "integrity": "sha512-1yRi7yAtB0ETgxdY9ti/p2TivUxJkTdhu/ZbF9MshVGqOx1TdB3b7xCXs49Fupgg50N45KcAsRP/ZqWjs9SRjg==",
      "requires": {
        "@babel/helper-plugin-utils": "^7.10.4"
      }
    },
    "@babel/plugin-transform-react-display-name": {
      "version": "7.12.1",
      "resolved": "https://registry.npmjs.org/@babel/plugin-transform-react-display-name/-/plugin-transform-react-display-name-7.12.1.tgz",
      "integrity": "sha512-cAzB+UzBIrekfYxyLlFqf/OagTvHLcVBb5vpouzkYkBclRPraiygVnafvAoipErZLI8ANv8Ecn6E/m5qPXD26w==",
      "requires": {
        "@babel/helper-plugin-utils": "^7.10.4"
      }
    },
    "@babel/plugin-transform-react-jsx": {
      "version": "7.12.10",
      "resolved": "https://registry.npmjs.org/@babel/plugin-transform-react-jsx/-/plugin-transform-react-jsx-7.12.10.tgz",
      "integrity": "sha512-MM7/BC8QdHXM7Qc1wdnuk73R4gbuOpfrSUgfV/nODGc86sPY1tgmY2M9E9uAnf2e4DOIp8aKGWqgZfQxnTNGuw==",
      "requires": {
        "@babel/helper-builder-react-jsx": "^7.10.4",
        "@babel/helper-builder-react-jsx-experimental": "^7.12.10",
        "@babel/helper-plugin-utils": "^7.10.4",
        "@babel/plugin-syntax-jsx": "^7.12.1"
      }
    },
    "@babel/plugin-transform-react-jsx-development": {
      "version": "7.12.7",
      "resolved": "https://registry.npmjs.org/@babel/plugin-transform-react-jsx-development/-/plugin-transform-react-jsx-development-7.12.7.tgz",
      "integrity": "sha512-Rs3ETtMtR3VLXFeYRChle5SsP/P9Jp/6dsewBQfokDSzKJThlsuFcnzLTDRALiUmTC48ej19YD9uN1mupEeEDg==",
      "requires": {
        "@babel/helper-builder-react-jsx-experimental": "^7.12.4",
        "@babel/helper-plugin-utils": "^7.10.4",
        "@babel/plugin-syntax-jsx": "^7.12.1"
      }
    },
    "@babel/plugin-transform-react-pure-annotations": {
      "version": "7.12.1",
      "resolved": "https://registry.npmjs.org/@babel/plugin-transform-react-pure-annotations/-/plugin-transform-react-pure-annotations-7.12.1.tgz",
      "integrity": "sha512-RqeaHiwZtphSIUZ5I85PEH19LOSzxfuEazoY7/pWASCAIBuATQzpSVD+eT6MebeeZT2F4eSL0u4vw6n4Nm0Mjg==",
      "requires": {
        "@babel/helper-annotate-as-pure": "^7.10.4",
        "@babel/helper-plugin-utils": "^7.10.4"
      }
    },
    "@babel/preset-react": {
      "version": "7.12.10",
      "resolved": "https://registry.npmjs.org/@babel/preset-react/-/preset-react-7.12.10.tgz",
      "integrity": "sha512-vtQNjaHRl4DUpp+t+g4wvTHsLQuye+n0H/wsXIZRn69oz/fvNC7gQ4IK73zGJBaxvHoxElDvnYCthMcT7uzFoQ==",
      "requires": {
        "@babel/helper-plugin-utils": "^7.10.4",
        "@babel/plugin-transform-react-display-name": "^7.12.1",
        "@babel/plugin-transform-react-jsx": "^7.12.10",
        "@babel/plugin-transform-react-jsx-development": "^7.12.7",
        "@babel/plugin-transform-react-pure-annotations": "^7.12.1"
      }
    },
    "@babel/types": {
      "version": "7.12.10",
      "resolved": "https://registry.npmjs.org/@babel/types/-/types-7.12.10.tgz",
      "integrity": "sha512-sf6wboJV5mGyip2hIpDSKsr80RszPinEFjsHTalMxZAZkoQ2/2yQzxlcFN52SJqsyPfLtPmenL4g2KB3KJXPDw==",
      "requires": {
        "@babel/helper-validator-identifier": "^7.10.4",
        "lodash": "^4.17.19",
        "to-fast-properties": "^2.0.0"
      }
    },
    "@types/node": {
      "version": "14.14.13",
      "resolved": "https://registry.npmjs.org/@types/node/-/node-14.14.13.tgz",
      "integrity": "sha512-vbxr0VZ8exFMMAjCW8rJwaya0dMCDyYW2ZRdTyjtrCvJoENMpdUHOT/eTzvgyA5ZnqRZ/sI0NwqAxNHKYokLJQ==",
      "dev": true
    },
    "lodash": {
      "version": "4.17.20",
      "resolved": "https://registry.npmjs.org/lodash/-/lodash-4.17.20.tgz",
      "integrity": "sha512-PlhdFcillOINfeV7Ni6oF1TAEayyZBoZ8bcshTHqOYJYlrqzRK5hagpagky5o4HfCzzd1TRkXPMFq6cKk9rGmA=="
    },
    "to-fast-properties": {
      "version": "2.0.0",
      "resolved": "https://registry.npmjs.org/to-fast-properties/-/to-fast-properties-2.0.0.tgz",
      "integrity": "sha1-3F5pjL0HkmW8c+A3doGk5Og/YW4="
    },
    "typescript": {
      "version": "4.1.3",
      "resolved": "https://registry.npmjs.org/typescript/-/typescript-4.1.3.tgz",
      "integrity": "sha512-B3ZIOf1IKeH2ixgHhj6la6xdwR9QrLC5d1VKeCSY4tvkqhF2eqd9O7txNlS0PO3GrBAFIdr3L1ndNwteUbZLYg==",
      "dev": true
    }
  }
}
