{
  "name": "@template/aurelia",
  "version": "1.0.0-rc.510",
  "lockfileVersion": 1,
  "requires": true,
  "dependencies": {
    "@leanup/lib": {
      "version": "0.9.0-rc.0",
      "resolved": "https://registry.npmjs.org/@leanup/lib/-/lib-0.9.0-rc.0.tgz",
      "integrity": "sha512-xZY9IGNqDWbxxX3RX5gHnGubnudqCTPH89y8kZm5ZzxUDNnK/UJyryPft95EZUTolFSnmAXZCjNn5gEjDKopkQ==",
      "requires": {
        "inferno": "^7.4.3",
        "loglevel": "^1.6.8",
        "preact": "^10.4.7",
        "react": "^16.13.1"
      }
    },
    "aurelia-binding": {
      "version": "2.5.4",
      "resolved": "https://registry.npmjs.org/aurelia-binding/-/aurelia-binding-2.5.4.tgz",
      "integrity": "sha512-tYhYCFvQne+chO3p8KntCWj0r8oCXiCOGQ0yFbthHDBpjjTA4QlBwpGQ8nlGoGDKj7n4PoobeIjN3lEDKgKUyw==",
      "requires": {
        "aurelia-logging": "^1.0.0",
        "aurelia-metadata": "^1.0.0",
        "aurelia-pal": "^1.0.0",
        "aurelia-task-queue": "^1.0.0"
      }
    },
    "aurelia-bootstrapper": {
      "version": "2.3.3",
      "resolved": "https://registry.npmjs.org/aurelia-bootstrapper/-/aurelia-bootstrapper-2.3.3.tgz",
      "integrity": "sha512-34ktKyCFAWbl4rjGSEiGNTJTk59+JMcJ+tkXElI5Gm03gOXhvDnxZl7cR3jYXakBui+rThF3i31TcASLk57oag==",
      "requires": {
        "aurelia-event-aggregator": "^1.0.0",
        "aurelia-framework": "^1.3.0",
        "aurelia-history": "^1.1.0",
        "aurelia-history-browser": "^1.1.0",
        "aurelia-loader-default": "^1.0.0",
        "aurelia-logging-console": "^1.0.0",
        "aurelia-pal": "^1.3.0",
        "aurelia-pal-browser": "^1.0.0",
        "aurelia-polyfills": "^1.0.0",
        "aurelia-router": "^1.5.0",
        "aurelia-templating": "^1.8.1",
        "aurelia-templating-binding": "^1.0.0",
        "aurelia-templating-resources": "^1.7.0",
        "aurelia-templating-router": "^1.0.0"
      }
    },
    "aurelia-dependency-injection": {
      "version": "1.5.2",
      "resolved": "https://registry.npmjs.org/aurelia-dependency-injection/-/aurelia-dependency-injection-1.5.2.tgz",
      "integrity": "sha512-LnKgpXzKuG2A/YPGeg5OOw8zvkbvDBMRJA9QDCjZlxymsPI98dwggNSQHI8UK+hTIBqOmjjRxqdMoeROo2Gpbw==",
      "requires": {
        "aurelia-metadata": "^1.0.0",
        "aurelia-pal": "^1.0.0"
      }
    },
    "aurelia-event-aggregator": {
      "version": "1.0.3",
      "resolved": "https://registry.npmjs.org/aurelia-event-aggregator/-/aurelia-event-aggregator-1.0.3.tgz",
      "integrity": "sha512-8fSWNCgh3gIsq/MgE+njVnUlYS05D6acyC8aJECekNWYecdBz46ckEblywP1ZNHLIt3u/Ws0oMqiOp1Jjw+0hw==",
      "requires": {
        "aurelia-logging": "^1.0.0"
      }
    },
    "aurelia-framework": {
      "version": "1.3.1",
      "resolved": "https://registry.npmjs.org/aurelia-framework/-/aurelia-framework-1.3.1.tgz",
      "integrity": "sha512-eKR+JnrVzYQ372pokHjfw+YfiGpFIO6yGOotGHkeLtIVZcVowX4oYe1HEkDe7/VXU3f6cDILoYkNIwrZUBij0g==",
      "requires": {
        "aurelia-binding": "^2.0.0",
        "aurelia-dependency-injection": "^1.0.0",
        "aurelia-loader": "^1.0.0",
        "aurelia-logging": "^1.0.0",
        "aurelia-metadata": "^1.0.0",
        "aurelia-pal": "^1.0.0",
        "aurelia-path": "^1.0.0",
        "aurelia-task-queue": "^1.0.0",
        "aurelia-templating": "^1.8.1"
      }
    },
    "aurelia-history": {
      "version": "1.2.1",
      "resolved": "https://registry.npmjs.org/aurelia-history/-/aurelia-history-1.2.1.tgz",
      "integrity": "sha512-mHRgGtOKkvSc7ggdJvQGhjERSW0X4TNasa6JojkWGz9e6swe0HpFysKyMt+Hp7jYmGgiuCcQnM09lhDU1YExPA=="
    },
    "aurelia-history-browser": {
      "version": "1.4.0",
      "resolved": "https://registry.npmjs.org/aurelia-history-browser/-/aurelia-history-browser-1.4.0.tgz",
      "integrity": "sha512-cJdQmHHFMbv3U+xV1FwQVwBQZoJvCxKUh/sbSjwfBbguAqtwWQaj4TFkVe7kYcJaSXzbebbpnTUkSwOfRAojpw==",
      "requires": {
        "aurelia-history": "^1.0.0",
        "aurelia-pal": "^1.0.0"
      }
    },
    "aurelia-loader": {
      "version": "1.0.2",
      "resolved": "https://registry.npmjs.org/aurelia-loader/-/aurelia-loader-1.0.2.tgz",
      "integrity": "sha512-3owEe5Zsk8cIJG+zcxN6gzqUr2z2c+FKhtrL49e1j8vE4ccQQjXg+tvKFnfBVf3pwma6A474WsdK8poYhoVZyA==",
      "requires": {
        "aurelia-metadata": "^1.0.0",
        "aurelia-path": "^1.0.0"
      }
    },
    "aurelia-loader-default": {
      "version": "1.2.1",
      "resolved": "https://registry.npmjs.org/aurelia-loader-default/-/aurelia-loader-default-1.2.1.tgz",
      "integrity": "sha512-V142AYyBFs8m+YD80wWwcjJ4E8lzIv3uAbgUCmgQuBjPxeyWEbaIzxvQvRrrHCI90L64boRNWDiU1VxKlPB1pA==",
      "requires": {
        "aurelia-loader": "^1.0.0",
        "aurelia-metadata": "^1.0.0",
        "aurelia-pal": "^1.0.0"
      }
    },
    "aurelia-logging": {
      "version": "1.5.2",
      "resolved": "https://registry.npmjs.org/aurelia-logging/-/aurelia-logging-1.5.2.tgz",
      "integrity": "sha512-R0UdpGYBNSosBZ9WefmoIpgr36szFwQrRk2pbblhI+Vx911dUEEW85QXb6BRKVAP1ykz52Fuq8lCZxR6UupQXA=="
    },
    "aurelia-logging-console": {
      "version": "1.1.1",
      "resolved": "https://registry.npmjs.org/aurelia-logging-console/-/aurelia-logging-console-1.1.1.tgz",
      "integrity": "sha512-fruw56b5P6qgVcbtwGok2m85hm/TI2Tt6Nzs1DOWUTnG8aeNLfCx6pRYBDZIQc/7VjX481e1tn4VqTncwXWCog=="
    },
    "aurelia-metadata": {
      "version": "1.0.6",
      "resolved": "https://registry.npmjs.org/aurelia-metadata/-/aurelia-metadata-1.0.6.tgz",
      "integrity": "sha512-u3GnsivLSssUmqPmny8EfEWPdUPcKUq1pPWO5q12i+eZ1d7WXa91eop37sYoYyGmO609YakUF1AMiY7occBrjA==",
      "requires": {
        "aurelia-pal": "^1.0.0"
      }
    },
    "aurelia-pal": {
      "version": "1.8.2",
      "resolved": "https://registry.npmjs.org/aurelia-pal/-/aurelia-pal-1.8.2.tgz",
      "integrity": "sha512-6erozUK5aaD88PvThs/L87kLsqxqPaBU59PGECr36v9yezhve0BHqpKgbtJ8haHJSiH80K9lsJtXfefedS/3sw=="
    },
    "aurelia-pal-browser": {
      "version": "1.8.1",
      "resolved": "https://registry.npmjs.org/aurelia-pal-browser/-/aurelia-pal-browser-1.8.1.tgz",
      "integrity": "sha512-wUZ/9EEaYKN7omQKESUakZO5aYrNslK1xLY3huMOpZGRsZJT6O76uPS2dDxefGWQEjUBtueMBq9Um7IcQGWXFw==",
      "requires": {
        "aurelia-pal": "^1.4.0"
      }
    },
    "aurelia-path": {
      "version": "1.1.5",
      "resolved": "https://registry.npmjs.org/aurelia-path/-/aurelia-path-1.1.5.tgz",
      "integrity": "sha512-gvjGQalckFXMXJEztlUTQXa4y7fES6/QaC+fSPqE9FcHlB9DE4b0gztY9RRUf+8guCo5L6122h+iYk1AR/ICrQ=="
    },
    "aurelia-polyfills": {
      "version": "1.3.4",
      "resolved": "https://registry.npmjs.org/aurelia-polyfills/-/aurelia-polyfills-1.3.4.tgz",
      "integrity": "sha512-NvOBYi4aWnxWCxfCfyW5DObggevOwfkC0riGMicgXNQg/ngpaQpFIXQgc4jMlI6jyE+/e38J36Hd9CeUcj04BA==",
      "requires": {
        "aurelia-pal": "^1.0.0"
      }
    },
    "aurelia-route-recognizer": {
      "version": "1.3.2",
      "resolved": "https://registry.npmjs.org/aurelia-route-recognizer/-/aurelia-route-recognizer-1.3.2.tgz",
      "integrity": "sha512-nBlNSVmN1aX6KpzCzbISrolX8ETqt/Otet+Lp2qpI98ib9ZoSXVrFDZSgPaOSJaUs3A0r+felLSqBm3NNHqy4g==",
      "requires": {
        "aurelia-path": "^1.0.0"
      }
    },
    "aurelia-router": {
      "version": "1.7.1",
      "resolved": "https://registry.npmjs.org/aurelia-router/-/aurelia-router-1.7.1.tgz",
      "integrity": "sha512-P6xxikeHHzVLxpZD8tvTwGJmEHY3M1MPTiIYzk32s85scd4kQ77FgQWo77ujYNv6hjrExifLFbrxIB7pUEziIQ==",
      "requires": {
        "aurelia-dependency-injection": "^1.0.0",
        "aurelia-event-aggregator": "^1.0.0",
        "aurelia-history": "^1.1.0",
        "aurelia-logging": "^1.0.0",
        "aurelia-path": "^1.0.0",
        "aurelia-route-recognizer": "^1.3.2"
      }
    },
    "aurelia-task-queue": {
      "version": "1.3.3",
      "resolved": "https://registry.npmjs.org/aurelia-task-queue/-/aurelia-task-queue-1.3.3.tgz",
      "integrity": "sha512-ua3J2YO+cZgpn1MqxPlanSDXG4SB0BXotxYDW1iL5f6AsoEvJ3BycZJYw/N9hMQKmWniOeaBr7wGQ+KDiZFywQ==",
      "requires": {
        "aurelia-pal": "^1.0.0"
      }
    },
    "aurelia-templating": {
      "version": "1.10.4",
      "resolved": "https://registry.npmjs.org/aurelia-templating/-/aurelia-templating-1.10.4.tgz",
      "integrity": "sha512-w1AtGneeRRJJPxr7QiGwTyLOsspPSF0xg1bKJnMntVhGC265SrtEAIsF1aKXOuLVTrjhx1Vi+3xPiJ560ilwtw==",
      "requires": {
        "aurelia-binding": "^2.0.0",
        "aurelia-dependency-injection": "^1.0.0",
        "aurelia-loader": "^1.0.0",
        "aurelia-logging": "^1.0.0",
        "aurelia-metadata": "^1.0.0",
        "aurelia-pal": "^1.0.0",
        "aurelia-path": "^1.0.0",
        "aurelia-task-queue": "^1.1.0"
      }
    },
    "aurelia-templating-binding": {
      "version": "1.5.3",
      "resolved": "https://registry.npmjs.org/aurelia-templating-binding/-/aurelia-templating-binding-1.5.3.tgz",
      "integrity": "sha512-HGfPfmykVdMSCb/ugfB2eQx0CmgUy0XnQOr1i3eenOW4ZN9sg7UNtxNhWorhXgKnUPf13XleA/HeIkwBnILATA==",
      "requires": {
        "aurelia-binding": "^2.0.0",
        "aurelia-logging": "^1.0.0",
        "aurelia-templating": "^1.3.0"
      }
    },
    "aurelia-templating-resources": {
      "version": "1.13.0",
      "resolved": "https://registry.npmjs.org/aurelia-templating-resources/-/aurelia-templating-resources-1.13.0.tgz",
      "integrity": "sha512-ZaJxEsqkbhhJFdU9e9AcVXXqPO+/KcJwxkoTSVxp/u1L4En/uFfMdl8jPwZmne/ZuyB6RrKRDwFTGRboI/j4xw==",
      "requires": {
        "aurelia-binding": "^2.0.0",
        "aurelia-dependency-injection": "^1.0.0",
        "aurelia-loader": "^1.0.0",
        "aurelia-logging": "^1.0.0",
        "aurelia-metadata": "^1.0.0",
        "aurelia-pal": "^1.3.0",
        "aurelia-path": "^1.0.0",
        "aurelia-task-queue": "^1.0.0",
        "aurelia-templating": "^1.8.1"
      }
    },
    "aurelia-templating-router": {
      "version": "1.4.0",
      "resolved": "https://registry.npmjs.org/aurelia-templating-router/-/aurelia-templating-router-1.4.0.tgz",
      "integrity": "sha512-qjVPVoDpUc9T0rHpXtevD433z+ent/n9cG2Jc1rWqVOt+3n6tGMOR+GgrZnv3q6P0DMZqy/pz6n3th5Y/aK6LA==",
      "requires": {
        "aurelia-binding": "^2.0.0",
        "aurelia-dependency-injection": "^1.3.0",
        "aurelia-logging": "^1.0.0",
        "aurelia-metadata": "^1.0.0",
        "aurelia-pal": "^1.3.0",
        "aurelia-path": "^1.0.0",
        "aurelia-templating": "^1.8.1"
      }
    },
    "inferno": {
      "version": "7.4.3",
      "resolved": "https://registry.npmjs.org/inferno/-/inferno-7.4.3.tgz",
      "integrity": "sha512-ZUk7dUKGQRlkU8ssGEHTuRmzJP0X0BYjn+xQg26uTUeFZZarjmQGXLtzJZvQY7r7uvzZjSDMvz0xwg/Ai+T8Rg==",
      "requires": {
        "inferno-shared": "7.4.3",
        "inferno-vnode-flags": "7.4.3",
        "opencollective-postinstall": "^2.0.2"
      }
    },
    "inferno-shared": {
      "version": "7.4.3",
      "resolved": "https://registry.npmjs.org/inferno-shared/-/inferno-shared-7.4.3.tgz",
      "integrity": "sha512-g2e50wtzreOZflFAoMLkOF9uCjqHx7582vEA6SV+fxS8Hp8BCXcbD85ovbrRaUNtmlzRVFfvbFN1G/yb+ZINbQ=="
    },
    "inferno-vnode-flags": {
      "version": "7.4.3",
      "resolved": "https://registry.npmjs.org/inferno-vnode-flags/-/inferno-vnode-flags-7.4.3.tgz",
      "integrity": "sha512-NRaE5O64w2GZltBc2Eh0sof2BKOE19BxCj2xRdE6q9lHlQoirtPhMttYgWVBHDbXEy1BWesLla/IMj3MEca48g=="
    },
    "js-tokens": {
      "version": "4.0.0",
      "resolved": "https://registry.npmjs.org/js-tokens/-/js-tokens-4.0.0.tgz",
      "integrity": "sha512-RdJUflcE3cUzKiMqQgsCu06FPu9UdIJO0beYbPhHN4k6apgJtifcoCtT9bcxOpYBtpD2kCM6Sbzg4CausW/PKQ=="
    },
    "loglevel": {
      "version": "1.6.8",
      "resolved": "https://registry.npmjs.org/loglevel/-/loglevel-1.6.8.tgz",
      "integrity": "sha512-bsU7+gc9AJ2SqpzxwU3+1fedl8zAntbtC5XYlt3s2j1hJcn2PsXSmgN8TaLG/J1/2mod4+cE/3vNL70/c1RNCA=="
    },
    "loose-envify": {
      "version": "1.4.0",
      "resolved": "https://registry.npmjs.org/loose-envify/-/loose-envify-1.4.0.tgz",
      "integrity": "sha512-lyuxPGr/Wfhrlem2CL/UcnUc1zcqKAImBDzukY7Y5F/yQiNdko6+fRLevlw1HgMySw7f611UIY408EtxRSoK3Q==",
      "requires": {
        "js-tokens": "^3.0.0 || ^4.0.0"
      }
    },
    "navigo": {
      "version": "7.1.2",
      "resolved": "https://registry.npmjs.org/navigo/-/navigo-7.1.2.tgz",
      "integrity": "sha512-OlhxHxhLM62X0Sjbkp5wlm1V6GpOIKShFu7dS/fDS3cVqzMHYS880LT5tu6JjGkrSYQbtCNDADmRIP47MoVGlA=="
    },
    "object-assign": {
      "version": "4.1.1",
      "resolved": "https://registry.npmjs.org/object-assign/-/object-assign-4.1.1.tgz",
      "integrity": "sha1-IQmtx5ZYh8/AXLvUQsrIv7s2CGM="
    },
    "opencollective-postinstall": {
      "version": "2.0.3",
      "resolved": "https://registry.npmjs.org/opencollective-postinstall/-/opencollective-postinstall-2.0.3.tgz",
      "integrity": "sha512-8AV/sCtuzUeTo8gQK5qDZzARrulB3egtLzFgteqB2tcT4Mw7B8Kt7JcDHmltjz6FOAHsvTevk70gZEbhM4ZS9Q=="
    },
    "preact": {
      "version": "10.4.7",
      "resolved": "https://registry.npmjs.org/preact/-/preact-10.4.7.tgz",
      "integrity": "sha512-DtnnPbOm7oxW7Sxf5Co+KSIOxo7bGm0vLfJN/wGey7G2sAGKnGP5+bFyE2YIgutMISQl6xFVTsOd6l/Au88VVw=="
    },
    "prop-types": {
      "version": "15.7.2",
      "resolved": "https://registry.npmjs.org/prop-types/-/prop-types-15.7.2.tgz",
      "integrity": "sha512-8QQikdH7//R2vurIJSutZ1smHYTcLpRWEOlHnzcWHmBYrOGUysKwSsrC89BCiFj3CbrfJ/nXFdJepOVrY1GCHQ==",
      "requires": {
        "loose-envify": "^1.4.0",
        "object-assign": "^4.1.1",
        "react-is": "^16.8.1"
      }
    },
    "react": {
      "version": "16.13.1",
      "resolved": "https://registry.npmjs.org/react/-/react-16.13.1.tgz",
      "integrity": "sha512-YMZQQq32xHLX0bz5Mnibv1/LHb3Sqzngu7xstSM+vrkE5Kzr9xE0yMByK5kMoTK30YVJE61WfbxIFFvfeDKT1w==",
      "requires": {
        "loose-envify": "^1.1.0",
        "object-assign": "^4.1.1",
        "prop-types": "^15.6.2"
      }
    },
    "react-is": {
      "version": "16.13.1",
      "resolved": "https://registry.npmjs.org/react-is/-/react-is-16.13.1.tgz",
      "integrity": "sha512-24e6ynE2H+OKt4kqsOvNd8kBpV65zoxbA4BVsEOB3ARVWQki/DHzaUoC5KuON/BiccDaCCTZBuOcfZs70kR8bQ=="
    },
    "register-service-worker": {
      "version": "1.7.1",
      "resolved": "https://registry.npmjs.org/register-service-worker/-/register-service-worker-1.7.1.tgz",
      "integrity": "sha512-IdTfUZ4u8iJL8o1w8es8l6UMGPmkwHolUdT+UmM1UypC80IB4KbpuIlvwWVj8UDS7eJwkEYRcKRgfRX+oTmJsw=="
    }
  }
}
