{
  "name": "@leanup/stack-lit-element",
  "version": "2.0.0-rc.79",
  "lockfileVersion": 3,
  "requires": true,
  "packages": {
    "": {
      "name": "@leanup/stack-lit-element",
      "version": "2.0.0-rc.79",
      "license": "Apache-2.0",
      "dependencies": {
        "regenerator-runtime": "0.13.11"
      },
      "engines": {
        "node": ">=16",
        "npm": ">=8"
      },
      "peerDependencies": {
        "@swc/core": "^1",
        "lit-element": "^3"
      }
    },
    "node_modules/regenerator-runtime": {
      "version": "0.13.11",
      "resolved": "https://registry.npmjs.org/regenerator-runtime/-/regenerator-runtime-0.13.11.tgz",
      "integrity": "sha512-kY1AZVr2Ra+t+piVaJ4gxaFaReZVH40AKNo7UCX6W+dEwBo/2oZJzqfuN1qLq1oL45o56cPaTXELwrTh8Fpggg=="
    }
  }
}
