{
  "name": "@leanup/stack-lit-element",
  "version": "2.0.0-rc.24",
  "lockfileVersion": 2,
  "requires": true,
  "packages": {
    "": {
      "name": "@leanup/stack-lit-element",
      "version": "2.0.0-rc.24",
      "cpu": [
        "x64"
      ],
      "license": "Apache-2.0",
      "dependencies": {
        "regenerator-runtime": "0.13.9"
      },
      "engines": {
        "node": ">=14 <18",
        "npm": ">=6 <9"
      },
      "peerDependencies": {
        "@swc/core": "^1",
        "lit-element": "^3"
      }
    },
    "node_modules/@lit/reactive-element": {
      "version": "1.0.2",
      "resolved": "https://registry.npmjs.org/@lit/reactive-element/-/reactive-element-1.0.2.tgz",
      "integrity": "sha512-oz3d3MKjQ2tXynQgyaQaMpGTDNyNDeBdo6dXf1AbjTwhA1IRINHmA7kSaVYv9ttKweNkEoNqp9DqteDdgWzPEg==",
      "peer": true
    },
    "node_modules/@napi-rs/triples": {
      "version": "1.0.3",
      "resolved": "https://registry.npmjs.org/@napi-rs/triples/-/triples-1.0.3.tgz",
      "integrity": "sha512-jDJTpta+P4p1NZTFVLHJ/TLFVYVcOqv6l8xwOeBKNPMgY/zDYH/YH7SJbvrr/h1RcS9GzbPcLKGzpuK9cV56UA==",
      "peer": true
    },
    "node_modules/@node-rs/helper": {
      "version": "1.2.1",
      "resolved": "https://registry.npmjs.org/@node-rs/helper/-/helper-1.2.1.tgz",
      "integrity": "sha512-R5wEmm8nbuQU0YGGmYVjEc0OHtYsuXdpRG+Ut/3wZ9XAvQWyThN08bTh2cBJgoZxHQUPtvRfeQuxcAgLuiBISg==",
      "peer": true,
      "dependencies": {
        "@napi-rs/triples": "^1.0.3"
      }
    },
    "node_modules/@swc/core": {
      "version": "1.2.110",
      "resolved": "https://registry.npmjs.org/@swc/core/-/core-1.2.110.tgz",
      "integrity": "sha512-mLz3J75SumU1v2d5Escd3+Ae4Qcpo1UMHreyCMp6eE92vnxcPe2oKtEXEu0PHZtuYBR/4dtpAC0dEnqTMwVvtg==",
      "peer": true,
      "dependencies": {
        "@node-rs/helper": "^1.0.0"
      },
      "engines": {
        "node": ">=10"
      },
      "funding": {
        "type": "opencollective",
        "url": "https://opencollective.com/swc"
      },
      "optionalDependencies": {
        "@swc/core-android-arm64": "^1.2.110",
        "@swc/core-darwin-arm64": "^1.2.110",
        "@swc/core-darwin-x64": "^1.2.110",
        "@swc/core-freebsd-x64": "^1.2.110",
        "@swc/core-linux-arm-gnueabihf": "^1.2.110",
        "@swc/core-linux-arm64-gnu": "^1.2.110",
        "@swc/core-linux-arm64-musl": "^1.2.110",
        "@swc/core-linux-x64-gnu": "^1.2.110",
        "@swc/core-linux-x64-musl": "^1.2.110",
        "@swc/core-win32-arm64-msvc": "^1.2.110",
        "@swc/core-win32-ia32-msvc": "^1.2.110",
        "@swc/core-win32-x64-msvc": "^1.2.110"
      }
    },
    "node_modules/@swc/core-android-arm64": {
      "version": "1.2.110",
      "resolved": "https://registry.npmjs.org/@swc/core-android-arm64/-/core-android-arm64-1.2.110.tgz",
      "integrity": "sha512-TrCQMTE6rZucmqGGspHPXt/0W9ZWTtDf9mo7CHm/8BejP0rt1ypucw7p6F5c2yqco2oOZMQMwXVui8T3vaR+2g==",
      "cpu": [
        "arm64"
      ],
      "optional": true,
      "os": [
        "android"
      ],
      "peer": true,
      "engines": {
        "node": ">=10"
      }
    },
    "node_modules/@swc/core-darwin-arm64": {
      "version": "1.2.110",
      "resolved": "https://registry.npmjs.org/@swc/core-darwin-arm64/-/core-darwin-arm64-1.2.110.tgz",
      "integrity": "sha512-PAL7dEcbK3TMDso3AFHbaUESYA03jGxX4aMvlc4jdhXMnh65h5oCCHWgSqJ95WeWsZrf8BuLo9qiffD8q0cYOg==",
      "cpu": [
        "arm64"
      ],
      "optional": true,
      "os": [
        "darwin"
      ],
      "peer": true,
      "engines": {
        "node": ">=10"
      }
    },
    "node_modules/@swc/core-darwin-x64": {
      "version": "1.2.110",
      "resolved": "https://registry.npmjs.org/@swc/core-darwin-x64/-/core-darwin-x64-1.2.110.tgz",
      "integrity": "sha512-qnATeGNC2/scRWuAVvzImcDDEGyTu9I1NQ4lUUmkU3ohUcjIzCG6dO/U7jcO63uYASaXAC1RSs9kVDgmq0V1iQ==",
      "cpu": [
        "x64"
      ],
      "optional": true,
      "os": [
        "darwin"
      ],
      "peer": true,
      "engines": {
        "node": ">=10"
      }
    },
    "node_modules/@swc/core-freebsd-x64": {
      "version": "1.2.110",
      "resolved": "https://registry.npmjs.org/@swc/core-freebsd-x64/-/core-freebsd-x64-1.2.110.tgz",
      "integrity": "sha512-41TzKWet5qosvQtkUd7NDAZRiXzak/xYliTPn2T8t9P2VdaRz8SUCqnTbEL2RzWScOoVpm8XmdLsD87ARWbwvQ==",
      "cpu": [
        "x64"
      ],
      "optional": true,
      "os": [
        "freebsd"
      ],
      "peer": true,
      "engines": {
        "node": ">=10"
      }
    },
    "node_modules/@swc/core-linux-arm-gnueabihf": {
      "version": "1.2.110",
      "resolved": "https://registry.npmjs.org/@swc/core-linux-arm-gnueabihf/-/core-linux-arm-gnueabihf-1.2.110.tgz",
      "integrity": "sha512-+4I4ZFA4x0dX1T4gndHy3CxLQkLqBa5+Aci9db/VL38wYPuwZh7Q9PxgOTe+IT/LDqaqFSZajLvRDQ2r7KhsAg==",
      "cpu": [
        "arm"
      ],
      "optional": true,
      "os": [
        "linux"
      ],
      "peer": true,
      "engines": {
        "node": ">=10"
      }
    },
    "node_modules/@swc/core-linux-arm64-gnu": {
      "version": "1.2.110",
      "resolved": "https://registry.npmjs.org/@swc/core-linux-arm64-gnu/-/core-linux-arm64-gnu-1.2.110.tgz",
      "integrity": "sha512-K3ZxTJnkWRdfuXpNJyUTav6iGPONW1L3SgqE1ZT+3orKAQIP85zHwHFDxuHNKCMLr+LVqIdh+ZxSyIOSRMmTGg==",
      "cpu": [
        "arm64"
      ],
      "optional": true,
      "os": [
        "linux"
      ],
      "peer": true,
      "engines": {
        "node": ">=10"
      }
    },
    "node_modules/@swc/core-linux-arm64-musl": {
      "version": "1.2.110",
      "resolved": "https://registry.npmjs.org/@swc/core-linux-arm64-musl/-/core-linux-arm64-musl-1.2.110.tgz",
      "integrity": "sha512-aidbDIHRyI4vrCIftOxBL+qInZWSTK3Y5mR/ngTqWRB0WLzFBIKzjC7Htj8iUmJBF1g820LRVzZrplBdUIWgFQ==",
      "cpu": [
        "arm64"
      ],
      "optional": true,
      "os": [
        "linux"
      ],
      "peer": true,
      "engines": {
        "node": ">=10"
      }
    },
    "node_modules/@swc/core-linux-x64-gnu": {
      "version": "1.2.110",
      "resolved": "https://registry.npmjs.org/@swc/core-linux-x64-gnu/-/core-linux-x64-gnu-1.2.110.tgz",
      "integrity": "sha512-LiLkxX2NSw7zyYAuPItMIrPhB6/VU8HJnMvGS/k7E2h7mR17m2qTsiW+8NWcpYAYMWHCbUVFqaLXK7tw+1JgDg==",
      "cpu": [
        "x64"
      ],
      "optional": true,
      "os": [
        "linux"
      ],
      "peer": true,
      "engines": {
        "node": ">=10"
      }
    },
    "node_modules/@swc/core-linux-x64-musl": {
      "version": "1.2.110",
      "resolved": "https://registry.npmjs.org/@swc/core-linux-x64-musl/-/core-linux-x64-musl-1.2.110.tgz",
      "integrity": "sha512-K/IEQRIpdaH4cXvxP8Is9a7Twn0WgKVX5NjDcv+q+CGZyDL3EQ+yRk5ebSIAMt9o7rHdA0GCZARGk9ZoYPosYw==",
      "cpu": [
        "x64"
      ],
      "optional": true,
      "os": [
        "linux"
      ],
      "peer": true,
      "engines": {
        "node": ">=10"
      }
    },
    "node_modules/@swc/core-win32-arm64-msvc": {
      "version": "1.2.110",
      "resolved": "https://registry.npmjs.org/@swc/core-win32-arm64-msvc/-/core-win32-arm64-msvc-1.2.110.tgz",
      "integrity": "sha512-bP6dwcyRVQdpVrQv7T2LfwhmtwzdgOXFyuWW22wWKtaSkmx7H3yG3xc/ea6kOorOAMxKGmMF2tO+5r8hBq+mZA==",
      "cpu": [
        "arm64"
      ],
      "optional": true,
      "os": [
        "win32"
      ],
      "peer": true,
      "engines": {
        "node": ">=10"
      }
    },
    "node_modules/@swc/core-win32-ia32-msvc": {
      "version": "1.2.110",
      "resolved": "https://registry.npmjs.org/@swc/core-win32-ia32-msvc/-/core-win32-ia32-msvc-1.2.110.tgz",
      "integrity": "sha512-+wBdcAQ9sgM/L6wkJMQmeJ6E7tE1sC+0VxFzBTDLMLkDVn3hEC6bXr40yb+eX2uQ/AA7Siz4ggIAo6sEKzTS+A==",
      "cpu": [
        "ia32"
      ],
      "optional": true,
      "os": [
        "win32"
      ],
      "peer": true,
      "engines": {
        "node": ">=10"
      }
    },
    "node_modules/@swc/core-win32-x64-msvc": {
      "version": "1.2.110",
      "resolved": "https://registry.npmjs.org/@swc/core-win32-x64-msvc/-/core-win32-x64-msvc-1.2.110.tgz",
      "integrity": "sha512-l0TjuqcbSdp1fh36u/IEygrNbg01OBCValeJZS4k33NMD7rWGDqcWSYzlwI4foqwlEV+8FVAfnzQ+rUEkXnAGA==",
      "cpu": [
        "x64"
      ],
      "optional": true,
      "os": [
        "win32"
      ],
      "peer": true,
      "engines": {
        "node": ">=10"
      }
    },
    "node_modules/@types/trusted-types": {
      "version": "2.0.2",
      "resolved": "https://registry.npmjs.org/@types/trusted-types/-/trusted-types-2.0.2.tgz",
      "integrity": "sha512-F5DIZ36YVLE+PN+Zwws4kJogq47hNgX3Nx6WyDJ3kcplxyke3XIzB8uK5n/Lpm1HBsbGzd6nmGehL8cPekP+Tg==",
      "peer": true
    },
    "node_modules/lit-element": {
      "version": "3.0.2",
      "resolved": "https://registry.npmjs.org/lit-element/-/lit-element-3.0.2.tgz",
      "integrity": "sha512-9vTJ47D2DSE4Jwhle7aMzEwO2ZcOPRikqfT3CVG7Qol2c9/I4KZwinZNW5Xv8hNm+G/enSSfIwqQhIXi6ioAUg==",
      "peer": true,
      "dependencies": {
        "@lit/reactive-element": "^1.0.0",
        "lit-html": "^2.0.0"
      }
    },
    "node_modules/lit-html": {
      "version": "2.0.2",
      "resolved": "https://registry.npmjs.org/lit-html/-/lit-html-2.0.2.tgz",
      "integrity": "sha512-dON7Zg8btb14/fWohQLQBdSgkoiQA4mIUy87evmyJHtxRq7zS6LlC32bT5EPWiof5PUQaDpF45v2OlrxHA5Clg==",
      "peer": true,
      "dependencies": {
        "@types/trusted-types": "^2.0.2"
      }
    },
    "node_modules/regenerator-runtime": {
      "version": "0.13.9",
      "resolved": "https://registry.npmjs.org/regenerator-runtime/-/regenerator-runtime-0.13.9.tgz",
      "integrity": "sha512-p3VT+cOEgxFsRRA9X4lkI1E+k2/CtnKtU4gcxyaCUreilL/vqI6CdZ3wxVUx3UOUg+gnUOQQcRI7BmSI656MYA=="
    }
  },
  "dependencies": {
    "@lit/reactive-element": {
      "version": "1.0.2",
      "resolved": "https://registry.npmjs.org/@lit/reactive-element/-/reactive-element-1.0.2.tgz",
      "integrity": "sha512-oz3d3MKjQ2tXynQgyaQaMpGTDNyNDeBdo6dXf1AbjTwhA1IRINHmA7kSaVYv9ttKweNkEoNqp9DqteDdgWzPEg==",
      "peer": true
    },
    "@napi-rs/triples": {
      "version": "1.0.3",
      "resolved": "https://registry.npmjs.org/@napi-rs/triples/-/triples-1.0.3.tgz",
      "integrity": "sha512-jDJTpta+P4p1NZTFVLHJ/TLFVYVcOqv6l8xwOeBKNPMgY/zDYH/YH7SJbvrr/h1RcS9GzbPcLKGzpuK9cV56UA==",
      "peer": true
    },
    "@node-rs/helper": {
      "version": "1.2.1",
      "resolved": "https://registry.npmjs.org/@node-rs/helper/-/helper-1.2.1.tgz",
      "integrity": "sha512-R5wEmm8nbuQU0YGGmYVjEc0OHtYsuXdpRG+Ut/3wZ9XAvQWyThN08bTh2cBJgoZxHQUPtvRfeQuxcAgLuiBISg==",
      "peer": true,
      "requires": {
        "@napi-rs/triples": "^1.0.3"
      }
    },
    "@swc/core": {
      "version": "1.2.110",
      "resolved": "https://registry.npmjs.org/@swc/core/-/core-1.2.110.tgz",
      "integrity": "sha512-mLz3J75SumU1v2d5Escd3+Ae4Qcpo1UMHreyCMp6eE92vnxcPe2oKtEXEu0PHZtuYBR/4dtpAC0dEnqTMwVvtg==",
      "peer": true,
      "requires": {
        "@node-rs/helper": "^1.0.0",
        "@swc/core-android-arm64": "^1.2.110",
        "@swc/core-darwin-arm64": "^1.2.110",
        "@swc/core-darwin-x64": "^1.2.110",
        "@swc/core-freebsd-x64": "^1.2.110",
        "@swc/core-linux-arm-gnueabihf": "^1.2.110",
        "@swc/core-linux-arm64-gnu": "^1.2.110",
        "@swc/core-linux-arm64-musl": "^1.2.110",
        "@swc/core-linux-x64-gnu": "^1.2.110",
        "@swc/core-linux-x64-musl": "^1.2.110",
        "@swc/core-win32-arm64-msvc": "^1.2.110",
        "@swc/core-win32-ia32-msvc": "^1.2.110",
        "@swc/core-win32-x64-msvc": "^1.2.110"
      }
    },
    "@swc/core-android-arm64": {
      "version": "1.2.110",
      "resolved": "https://registry.npmjs.org/@swc/core-android-arm64/-/core-android-arm64-1.2.110.tgz",
      "integrity": "sha512-TrCQMTE6rZucmqGGspHPXt/0W9ZWTtDf9mo7CHm/8BejP0rt1ypucw7p6F5c2yqco2oOZMQMwXVui8T3vaR+2g==",
      "optional": true,
      "peer": true
    },
    "@swc/core-darwin-arm64": {
      "version": "1.2.110",
      "resolved": "https://registry.npmjs.org/@swc/core-darwin-arm64/-/core-darwin-arm64-1.2.110.tgz",
      "integrity": "sha512-PAL7dEcbK3TMDso3AFHbaUESYA03jGxX4aMvlc4jdhXMnh65h5oCCHWgSqJ95WeWsZrf8BuLo9qiffD8q0cYOg==",
      "optional": true,
      "peer": true
    },
    "@swc/core-darwin-x64": {
      "version": "1.2.110",
      "resolved": "https://registry.npmjs.org/@swc/core-darwin-x64/-/core-darwin-x64-1.2.110.tgz",
      "integrity": "sha512-qnATeGNC2/scRWuAVvzImcDDEGyTu9I1NQ4lUUmkU3ohUcjIzCG6dO/U7jcO63uYASaXAC1RSs9kVDgmq0V1iQ==",
      "optional": true,
      "peer": true
    },
    "@swc/core-freebsd-x64": {
      "version": "1.2.110",
      "resolved": "https://registry.npmjs.org/@swc/core-freebsd-x64/-/core-freebsd-x64-1.2.110.tgz",
      "integrity": "sha512-41TzKWet5qosvQtkUd7NDAZRiXzak/xYliTPn2T8t9P2VdaRz8SUCqnTbEL2RzWScOoVpm8XmdLsD87ARWbwvQ==",
      "optional": true,
      "peer": true
    },
    "@swc/core-linux-arm-gnueabihf": {
      "version": "1.2.110",
      "resolved": "https://registry.npmjs.org/@swc/core-linux-arm-gnueabihf/-/core-linux-arm-gnueabihf-1.2.110.tgz",
      "integrity": "sha512-+4I4ZFA4x0dX1T4gndHy3CxLQkLqBa5+Aci9db/VL38wYPuwZh7Q9PxgOTe+IT/LDqaqFSZajLvRDQ2r7KhsAg==",
      "optional": true,
      "peer": true
    },
    "@swc/core-linux-arm64-gnu": {
      "version": "1.2.110",
      "resolved": "https://registry.npmjs.org/@swc/core-linux-arm64-gnu/-/core-linux-arm64-gnu-1.2.110.tgz",
      "integrity": "sha512-K3ZxTJnkWRdfuXpNJyUTav6iGPONW1L3SgqE1ZT+3orKAQIP85zHwHFDxuHNKCMLr+LVqIdh+ZxSyIOSRMmTGg==",
      "optional": true,
      "peer": true
    },
    "@swc/core-linux-arm64-musl": {
      "version": "1.2.110",
      "resolved": "https://registry.npmjs.org/@swc/core-linux-arm64-musl/-/core-linux-arm64-musl-1.2.110.tgz",
      "integrity": "sha512-aidbDIHRyI4vrCIftOxBL+qInZWSTK3Y5mR/ngTqWRB0WLzFBIKzjC7Htj8iUmJBF1g820LRVzZrplBdUIWgFQ==",
      "optional": true,
      "peer": true
    },
    "@swc/core-linux-x64-gnu": {
      "version": "1.2.110",
      "resolved": "https://registry.npmjs.org/@swc/core-linux-x64-gnu/-/core-linux-x64-gnu-1.2.110.tgz",
      "integrity": "sha512-LiLkxX2NSw7zyYAuPItMIrPhB6/VU8HJnMvGS/k7E2h7mR17m2qTsiW+8NWcpYAYMWHCbUVFqaLXK7tw+1JgDg==",
      "optional": true,
      "peer": true
    },
    "@swc/core-linux-x64-musl": {
      "version": "1.2.110",
      "resolved": "https://registry.npmjs.org/@swc/core-linux-x64-musl/-/core-linux-x64-musl-1.2.110.tgz",
      "integrity": "sha512-K/IEQRIpdaH4cXvxP8Is9a7Twn0WgKVX5NjDcv+q+CGZyDL3EQ+yRk5ebSIAMt9o7rHdA0GCZARGk9ZoYPosYw==",
      "optional": true,
      "peer": true
    },
    "@swc/core-win32-arm64-msvc": {
      "version": "1.2.110",
      "resolved": "https://registry.npmjs.org/@swc/core-win32-arm64-msvc/-/core-win32-arm64-msvc-1.2.110.tgz",
      "integrity": "sha512-bP6dwcyRVQdpVrQv7T2LfwhmtwzdgOXFyuWW22wWKtaSkmx7H3yG3xc/ea6kOorOAMxKGmMF2tO+5r8hBq+mZA==",
      "optional": true,
      "peer": true
    },
    "@swc/core-win32-ia32-msvc": {
      "version": "1.2.110",
      "resolved": "https://registry.npmjs.org/@swc/core-win32-ia32-msvc/-/core-win32-ia32-msvc-1.2.110.tgz",
      "integrity": "sha512-+wBdcAQ9sgM/L6wkJMQmeJ6E7tE1sC+0VxFzBTDLMLkDVn3hEC6bXr40yb+eX2uQ/AA7Siz4ggIAo6sEKzTS+A==",
      "optional": true,
      "peer": true
    },
    "@swc/core-win32-x64-msvc": {
      "version": "1.2.110",
      "resolved": "https://registry.npmjs.org/@swc/core-win32-x64-msvc/-/core-win32-x64-msvc-1.2.110.tgz",
      "integrity": "sha512-l0TjuqcbSdp1fh36u/IEygrNbg01OBCValeJZS4k33NMD7rWGDqcWSYzlwI4foqwlEV+8FVAfnzQ+rUEkXnAGA==",
      "optional": true,
      "peer": true
    },
    "@types/trusted-types": {
      "version": "2.0.2",
      "resolved": "https://registry.npmjs.org/@types/trusted-types/-/trusted-types-2.0.2.tgz",
      "integrity": "sha512-F5DIZ36YVLE+PN+Zwws4kJogq47hNgX3Nx6WyDJ3kcplxyke3XIzB8uK5n/Lpm1HBsbGzd6nmGehL8cPekP+Tg==",
      "peer": true
    },
    "lit-element": {
      "version": "3.0.2",
      "resolved": "https://registry.npmjs.org/lit-element/-/lit-element-3.0.2.tgz",
      "integrity": "sha512-9vTJ47D2DSE4Jwhle7aMzEwO2ZcOPRikqfT3CVG7Qol2c9/I4KZwinZNW5Xv8hNm+G/enSSfIwqQhIXi6ioAUg==",
      "peer": true,
      "requires": {
        "@lit/reactive-element": "^1.0.0",
        "lit-html": "^2.0.0"
      }
    },
    "lit-html": {
      "version": "2.0.2",
      "resolved": "https://registry.npmjs.org/lit-html/-/lit-html-2.0.2.tgz",
      "integrity": "sha512-dON7Zg8btb14/fWohQLQBdSgkoiQA4mIUy87evmyJHtxRq7zS6LlC32bT5EPWiof5PUQaDpF45v2OlrxHA5Clg==",
      "peer": true,
      "requires": {
        "@types/trusted-types": "^2.0.2"
      }
    },
    "regenerator-runtime": {
      "version": "0.13.9",
      "resolved": "https://registry.npmjs.org/regenerator-runtime/-/regenerator-runtime-0.13.9.tgz",
      "integrity": "sha512-p3VT+cOEgxFsRRA9X4lkI1E+k2/CtnKtU4gcxyaCUreilL/vqI6CdZ3wxVUx3UOUg+gnUOQQcRI7BmSI656MYA=="
    }
  }
}
