{
  "name": "@leanup/cli-core-format",
  "version": "1.1.0-rc.163",
  "lockfileVersion": 2,
  "requires": true,
  "packages": {
    "": {
      "name": "@leanup/cli-core-format",
      "version": "1.1.0-rc.163",
      "license": "Apache 2.0",
      "dependencies": {
        "prettier": "^2.1.2"
      },
      "peerDependencies": {
        "@leanup/cli": "^1.1.0-rc.156"
      }
    },
    "node_modules/prettier": {
      "version": "2.1.2",
      "resolved": "https://registry.npmjs.org/prettier/-/prettier-2.1.2.tgz",
      "integrity": "sha512-16c7K+x4qVlJg9rEbXl7HEGmQyZlG4R9AgP+oHKRMsMsuk8s+ATStlf1NpDqyBI1HpVyfjLOeMhH2LvuNvV5Vg==",
      "bin": {
        "prettier": "bin-prettier.js"
      },
      "engines": {
        "node": ">=10.13.0"
      }
    }
  },
  "dependencies": {
    "prettier": {
      "version": "2.1.2",
      "resolved": "https://registry.npmjs.org/prettier/-/prettier-2.1.2.tgz",
      "integrity": "sha512-16c7K+x4qVlJg9rEbXl7HEGmQyZlG4R9AgP+oHKRMsMsuk8s+ATStlf1NpDqyBI1HpVyfjLOeMhH2LvuNvV5Vg=="
    }
  }
}
